{
  "name": "tmp-d8c452",
  "lockfileVersion": 3,
  "requires": true,
  "packages": {
    "": {
      "dependencies": {
        "@microsoft/teams-app-test-tool": "^0.2.11"
      }
    },
    "node_modules/@microsoft/teams-app-test-tool": {
      "version": "0.2.11",
      "resolved": "https://registry.npmjs.org/@microsoft/teams-app-test-tool/-/teams-app-test-tool-0.2.11.tgz",
      "integrity": "sha512-6azjoV15vtjHkXi2Is19bwvRC3XqMcXkeGhxcCldf3PMKAeXjSgrBSJsYV6sTxmNnNeagm7eM87U9q0NaUlU9A==",
      "license": "SEE LICENSE IN LICENSE",
      "bin": {
        "teamsapptester": "cli.js"
      }
    }
  }
}
